# This file was autogenerated by Stack.
# You should not edit this file by hand.
# For more information, please see the documentation at:
#   https://docs.haskellstack.org/en/stable/topics/lock_files

packages:
- completed:
    commit: 2c226585af5b9f4985d9c7151d7191603bb2add7
    git: https://github.com/facebook/duckling.git
    name: duckling
    pantry-tree:
      sha256: 061efc3ceee6b477c486e8e1698a8542d4a84982c93f6905fe909dd1ec57c822
      size: 77724
    version: 0.2.0.1
  original:
    commit: 2c226585af5b9f4985d9c7151d7191603bb2add7
    git: https://github.com/facebook/duckling.git
- completed:
    hackage: regex-posix-clib-2.7@sha256:998fca06da3d719818f0691ef0b8b9b7375afeea228cb08bd9e2db53f96b0cd7,1232
    pantry-tree:
      sha256: 5bf20952472d930323766d250f5fbbe3fe6f2cd3d931e5cf7b62a238ab2099ff
      size: 524
  original:
    hackage: regex-posix-clib-2.7
- completed:
    hackage: dependent-sum-0.7.1.0@sha256:0e419237f5b86da3659772afff9cab355c0f8d5b3fdb15a5b30e673d8dc83941,2147
    pantry-tree:
      sha256: 009601e5d33e835c7a384e240c5c6ad12643bce9c54b2a0b07201daee3380e51
      size: 290
  original:
    hackage: dependent-sum-0.7.1.0@sha256:0e419237f5b86da3659772afff9cab355c0f8d5b3fdb15a5b30e673d8dc83941,2147
- completed:
    hackage: snap-core-1.0.5.1@sha256:0c2f6cbdf2ce5ebb7916444a2a421b185693732e4276a87e07dea40c552a8569,9820
    pantry-tree:
      sha256: 5922b3a2c46715dd191d37f35cebf698bd42f6aa091c4576982576fc5c0f0224
      size: 3429
  original:
    hackage: snap-core-1.0.5.1@sha256:0c2f6cbdf2ce5ebb7916444a2a421b185693732e4276a87e07dea40c552a8569,9820
- completed:
    hackage: snap-server-1.1.2.1@sha256:3ed4373b3bc4a0f2d59752557dfa0f4caf1a198322451350b7cf6ae757b7eb42,15464
    pantry-tree:
      sha256: d354b1c02cc178fb404819db685ae931cb9a8437777bf9f7118858ef5ada4264
      size: 3313
  original:
    hackage: snap-server-1.1.2.1@sha256:3ed4373b3bc4a0f2d59752557dfa0f4caf1a198322451350b7cf6ae757b7eb42,15464
- completed:
    hackage: readable-0.3.1@sha256:13b71e63627c21447a35fe4441154410c96ba1f241cf0353692883d0eebf2085,1127
    pantry-tree:
      sha256: 9432879be5327e8bad08a57cbb081149f27e88a1fb8df212dccd05ae7e65aa89
      size: 313
  original:
    hackage: readable-0.3.1@sha256:13b71e63627c21447a35fe4441154410c96ba1f241cf0353692883d0eebf2085,1127
- completed:
    hackage: text-1.2.5.0@sha256:ca9f42f21fe6d95d211f24b47f8d7952f79a3b5a476a960c18a2aaedd5771201,8183
    pantry-tree:
      sha256: e2c8164c4a5cca57debade69b05ca373bb931ce501b381ff1f505aaa914c5cbd
      size: 7395
  original:
    hackage: text-1.2.5.0
- completed:
    hackage: parsec-3.1.18.0@sha256:dfbb9835b8abc966b6bbd34340ef5122227b4cf4480062b85ca4c4704f054f98,4535
    pantry-tree:
      sha256: 48ae1440eb8eb4fecde2a724c492e830ff2bec341117164302399b417733bf70
      size: 2810
  original:
    hackage: parsec-3.1.18.0@sha256:dfbb9835b8abc966b6bbd34340ef5122227b4cf4480062b85ca4c4704f054f98,4535
snapshots:
- completed:
    sha256: a81fb3877c4f9031e1325eb3935122e608d80715dc16b586eb11ddbff8671ecd
    size: 640086
    url: https://raw.githubusercontent.com/commercialhaskell/stackage-snapshots/master/lts/21/25.yaml
  original: lts-21.25
