# This file was autogenerated by Stack.
# You should not edit this file by hand.
# For more information, please see the documentation at:
#   https://docs.haskellstack.org/en/stable/lock_files

packages:
- completed:
    commit: 7520daaeba28691cda8e1b5c3d946028a28fb64b
    git: https://github.com/facebook/duckling.git
    name: duckling
    pantry-tree:
      sha256: 5e1e7c97425977cf9d7811b845cb80484dac2b420906923949603fd996f2fb18
      size: 77724
    version: 0.2.0.0
  original:
    commit: 7520daaeba28691cda8e1b5c3d946028a28fb64b
    git: https://github.com/facebook/duckling.git
- completed:
    hackage: regex-posix-clib-2.7@sha256:998fca06da3d719818f0691ef0b8b9b7375afeea228cb08bd9e2db53f96b0cd7,1232
    pantry-tree:
      sha256: 5bf20952472d930323766d250f5fbbe3fe6f2cd3d931e5cf7b62a238ab2099ff
      size: 524
  original:
    hackage: regex-posix-clib-2.7
- completed:
    hackage: dependent-sum-0.7.1.0@sha256:0e419237f5b86da3659772afff9cab355c0f8d5b3fdb15a5b30e673d8dc83941,2147
    pantry-tree:
      sha256: 009601e5d33e835c7a384e240c5c6ad12643bce9c54b2a0b07201daee3380e51
      size: 290
  original:
    hackage: dependent-sum-0.7.1.0@sha256:0e419237f5b86da3659772afff9cab355c0f8d5b3fdb15a5b30e673d8dc83941,2147
- completed:
    hackage: constraints-extras-0.3.1.0@sha256:c70fcf437e1d640cfd50a8eda1db47a64e49c96857e08fd0d8c438327d908ac1,1846
    pantry-tree:
      sha256: f29920355b21ef7a7218573591aa740b01b3d1fb3b0bbd66e2f726d091d56fb2
      size: 595
  original:
    hackage: constraints-extras-0.3.1.0@sha256:c70fcf437e1d640cfd50a8eda1db47a64e49c96857e08fd0d8c438327d908ac1,1846
snapshots:
- completed:
    sha256: 637fb77049b25560622a224845b7acfe81a09fdb6a96a3c75997a10b651667f6
    size: 534126
    url: https://raw.githubusercontent.com/commercialhaskell/stackage-snapshots/master/lts/16/31.yaml
  original: lts-16.31
